// !$*UTF8*$!
{
	archiveVersion = 1;
	classes = {
	};
	objectVersion = 55;
	objects = {

/* Begin PBXBuildFile section */
		376E18312836818700015922 /* LandmarksApp.swift in Sources */ = {isa = PBXBuildFile; fileRef = 376E18302836818700015922 /* LandmarksApp.swift */; };
		376E18332836818700015922 /* ContentView.swift in Sources */ = {isa = PBXBuildFile; fileRef = 376E18322836818700015922 /* ContentView.swift */; };
		376E18352836818B00015922 /* Assets.xcassets in Resources */ = {isa = PBXBuildFile; fileRef = 376E18342836818B00015922 /* Assets.xcassets */; };
		376E18382836818B00015922 /* Preview Assets.xcassets in Resources */ = {isa = PBXBuildFile; fileRef = 376E18372836818B00015922 /* Preview Assets.xcassets */; };
		376E18422836818C00015922 /* LandmarksTests.swift in Sources */ = {isa = PBXBuildFile; fileRef = 376E18412836818C00015922 /* LandmarksTests.swift */; };
		376E184C2836818C00015922 /* LandmarksUITests.swift in Sources */ = {isa = PBXBuildFile; fileRef = 376E184B2836818C00015922 /* LandmarksUITests.swift */; };
		376E184E2836818C00015922 /* LandmarksUITestsLaunchTests.swift in Sources */ = {isa = PBXBuildFile; fileRef = 376E184D2836818C00015922 /* LandmarksUITestsLaunchTests.swift */; };
		376E185B2836BE3A00015922 /* CircleImage.swift in Sources */ = {isa = PBXBuildFile; fileRef = 376E185A2836BE3A00015922 /* CircleImage.swift */; };
		376E185D2836C0AB00015922 /* MapView.swift in Sources */ = {isa = PBXBuildFile; fileRef = 376E185C2836C0AB00015922 /* MapView.swift */; };
		376E185F2836C56600015922 /* landmarkData.json in Resources */ = {isa = PBXBuildFile; fileRef = 376E185E2836C56600015922 /* landmarkData.json */; };
		376E18612836C5A000015922 /* Landmark.swift in Sources */ = {isa = PBXBuildFile; fileRef = 376E18602836C5A000015922 /* Landmark.swift */; };
		376E18632836C72400015922 /* ModelData.swift in Sources */ = {isa = PBXBuildFile; fileRef = 376E18622836C72400015922 /* ModelData.swift */; };
		376E18682836C8B400015922 /* LandmarkRow.swift in Sources */ = {isa = PBXBuildFile; fileRef = 376E18672836C8B400015922 /* LandmarkRow.swift */; };
		376E186A2837BB8F00015922 /* LandmarkList.swift in Sources */ = {isa = PBXBuildFile; fileRef = 376E18692837BB8F00015922 /* LandmarkList.swift */; };
		376E186C2837BD1000015922 /* LandmarkDetail.swift in Sources */ = {isa = PBXBuildFile; fileRef = 376E186B2837BD1000015922 /* LandmarkDetail.swift */; };
		376E186E2837CE4100015922 /* FavoriteButton.swift in Sources */ = {isa = PBXBuildFile; fileRef = 376E186D2837CE4100015922 /* FavoriteButton.swift */; };
		376E18722837D38800015922 /* HexagonParameters.swift in Sources */ = {isa = PBXBuildFile; fileRef = 376E18712837D38800015922 /* HexagonParameters.swift */; };
		376E18742837D49E00015922 /* BadgeBackground.swift in Sources */ = {isa = PBXBuildFile; fileRef = 376E18732837D49E00015922 /* BadgeBackground.swift */; };
		376E18762837D87300015922 /* BadgeSymbol.swift in Sources */ = {isa = PBXBuildFile; fileRef = 376E18752837D87300015922 /* BadgeSymbol.swift */; };
		376E18782837D92500015922 /* RotatedBadgeSymbol.swift in Sources */ = {isa = PBXBuildFile; fileRef = 376E18772837D92500015922 /* RotatedBadgeSymbol.swift */; };
		376E187A2837D99200015922 /* Badge.swift in Sources */ = {isa = PBXBuildFile; fileRef = 376E18792837D99200015922 /* Badge.swift */; };
		376E187D2837DEB500015922 /* hikeData.json in Resources */ = {isa = PBXBuildFile; fileRef = 376E187C2837DEB500015922 /* hikeData.json */; };
		376E187F2837DECB00015922 /* Hike.swift in Sources */ = {isa = PBXBuildFile; fileRef = 376E187E2837DECB00015922 /* Hike.swift */; };
		376E18852837DF1F00015922 /* GraphCapsule.swift in Sources */ = {isa = PBXBuildFile; fileRef = 376E18812837DF1F00015922 /* GraphCapsule.swift */; };
		376E18862837DF1F00015922 /* HikeGraph.swift in Sources */ = {isa = PBXBuildFile; fileRef = 376E18822837DF1F00015922 /* HikeGraph.swift */; };
		376E18872837DF1F00015922 /* HikeDetail.swift in Sources */ = {isa = PBXBuildFile; fileRef = 376E18832837DF1F00015922 /* HikeDetail.swift */; };
		376E18882837DF1F00015922 /* HikeView.swift in Sources */ = {isa = PBXBuildFile; fileRef = 376E18842837DF1F00015922 /* HikeView.swift */; };
		376E188B2837E90500015922 /* CategoryHome.swift in Sources */ = {isa = PBXBuildFile; fileRef = 376E188A2837E90500015922 /* CategoryHome.swift */; };
		376E188D2837EA8A00015922 /* CategoryRow.swift in Sources */ = {isa = PBXBuildFile; fileRef = 376E188C2837EA8A00015922 /* CategoryRow.swift */; };
		376E188F2837EB9100015922 /* CategoryItem.swift in Sources */ = {isa = PBXBuildFile; fileRef = 376E188E2837EB9100015922 /* CategoryItem.swift */; };
		376E1891283C097700015922 /* Profile.swift in Sources */ = {isa = PBXBuildFile; fileRef = 376E1890283C097700015922 /* Profile.swift */; };
		376E1894283C09E300015922 /* ProfileHost.swift in Sources */ = {isa = PBXBuildFile; fileRef = 376E1893283C09E300015922 /* ProfileHost.swift */; };
		376E1896283C0A2900015922 /* ProfileSummary.swift in Sources */ = {isa = PBXBuildFile; fileRef = 376E1895283C0A2900015922 /* ProfileSummary.swift */; };
		376E1898283C0AD400015922 /* HikeBadge.swift in Sources */ = {isa = PBXBuildFile; fileRef = 376E1897283C0AD300015922 /* HikeBadge.swift */; };
		37B4A7CA283C0F0900B4160B /* ProfileEditor.swift in Sources */ = {isa = PBXBuildFile; fileRef = 37B4A7C9283C0F0900B4160B /* ProfileEditor.swift */; };
		37B4A7CD283C1F7100B4160B /* PageViewController.swift in Sources */ = {isa = PBXBuildFile; fileRef = 37B4A7CC283C1F7100B4160B /* PageViewController.swift */; };
		37B4A7D5283C208800B4160B /* FeatureCard.swift in Sources */ = {isa = PBXBuildFile; fileRef = 37B4A7D4283C208800B4160B /* FeatureCard.swift */; };
		37B4A7D7283C211E00B4160B /* PageView.swift in Sources */ = {isa = PBXBuildFile; fileRef = 37B4A7D6283C211E00B4160B /* PageView.swift */; };
		37B4A7D9283C29DC00B4160B /* PageControl.swift in Sources */ = {isa = PBXBuildFile; fileRef = 37B4A7D8283C29DC00B4160B /* PageControl.swift */; };
/* End PBXBuildFile section */

/* Begin PBXContainerItemProxy section */
		376E183E2836818C00015922 /* PBXContainerItemProxy */ = {
			isa = PBXContainerItemProxy;
			containerPortal = 376E18252836818600015922 /* Project object */;
			proxyType = 1;
			remoteGlobalIDString = 376E182C2836818600015922;
			remoteInfo = Landmarks;
		};
		376E18482836818C00015922 /* PBXContainerItemProxy */ = {
			isa = PBXContainerItemProxy;
			containerPortal = 376E18252836818600015922 /* Project object */;
			proxyType = 1;
			remoteGlobalIDString = 376E182C2836818600015922;
			remoteInfo = Landmarks;
		};
/* End PBXContainerItemProxy section */

/* Begin PBXFileReference section */
		376E182D2836818700015922 /* Landmarks.app */ = {isa = PBXFileReference; explicitFileType = wrapper.application; includeInIndex = 0; path = Landmarks.app; sourceTree = BUILT_PRODUCTS_DIR; };
		376E18302836818700015922 /* LandmarksApp.swift */ = {isa = PBXFileReference; lastKnownFileType = sourcecode.swift; path = LandmarksApp.swift; sourceTree = "<group>"; };
		376E18322836818700015922 /* ContentView.swift */ = {isa = PBXFileReference; lastKnownFileType = sourcecode.swift; path = ContentView.swift; sourceTree = "<group>"; };
		376E18342836818B00015922 /* Assets.xcassets */ = {isa = PBXFileReference; lastKnownFileType = folder.assetcatalog; path = Assets.xcassets; sourceTree = "<group>"; };
		376E18372836818B00015922 /* Preview Assets.xcassets */ = {isa = PBXFileReference; lastKnownFileType = folder.assetcatalog; path = "Preview Assets.xcassets"; sourceTree = "<group>"; };
		376E183D2836818C00015922 /* LandmarksTests.xctest */ = {isa = PBXFileReference; explicitFileType = wrapper.cfbundle; includeInIndex = 0; path = LandmarksTests.xctest; sourceTree = BUILT_PRODUCTS_DIR; };
		376E18412836818C00015922 /* LandmarksTests.swift */ = {isa = PBXFileReference; lastKnownFileType = sourcecode.swift; path = LandmarksTests.swift; sourceTree = "<group>"; };
		376E18472836818C00015922 /* LandmarksUITests.xctest */ = {isa = PBXFileReference; explicitFileType = wrapper.cfbundle; includeInIndex = 0; path = LandmarksUITests.xctest; sourceTree = BUILT_PRODUCTS_DIR; };
		376E184B2836818C00015922 /* LandmarksUITests.swift */ = {isa = PBXFileReference; lastKnownFileType = sourcecode.swift; path = LandmarksUITests.swift; sourceTree = "<group>"; };
		376E184D2836818C00015922 /* LandmarksUITestsLaunchTests.swift */ = {isa = PBXFileReference; lastKnownFileType = sourcecode.swift; path = LandmarksUITestsLaunchTests.swift; sourceTree = "<group>"; };
		376E185A2836BE3A00015922 /* CircleImage.swift */ = {isa = PBXFileReference; lastKnownFileType = sourcecode.swift; path = CircleImage.swift; sourceTree = "<group>"; };
		376E185C2836C0AB00015922 /* MapView.swift */ = {isa = PBXFileReference; lastKnownFileType = sourcecode.swift; path = MapView.swift; sourceTree = "<group>"; };
		376E185E2836C56600015922 /* landmarkData.json */ = {isa = PBXFileReference; fileEncoding = 4; lastKnownFileType = text.json; path = landmarkData.json; sourceTree = "<group>"; };
		376E18602836C5A000015922 /* Landmark.swift */ = {isa = PBXFileReference; lastKnownFileType = sourcecode.swift; path = Landmark.swift; sourceTree = "<group>"; };
		376E18622836C72400015922 /* ModelData.swift */ = {isa = PBXFileReference; lastKnownFileType = sourcecode.swift; path = ModelData.swift; sourceTree = "<group>"; };
		376E18672836C8B400015922 /* LandmarkRow.swift */ = {isa = PBXFileReference; lastKnownFileType = sourcecode.swift; path = LandmarkRow.swift; sourceTree = "<group>"; };
		376E18692837BB8F00015922 /* LandmarkList.swift */ = {isa = PBXFileReference; lastKnownFileType = sourcecode.swift; path = LandmarkList.swift; sourceTree = "<group>"; };
		376E186B2837BD1000015922 /* LandmarkDetail.swift */ = {isa = PBXFileReference; lastKnownFileType = sourcecode.swift; path = LandmarkDetail.swift; sourceTree = "<group>"; };
		376E186D2837CE4100015922 /* FavoriteButton.swift */ = {isa = PBXFileReference; lastKnownFileType = sourcecode.swift; path = FavoriteButton.swift; sourceTree = "<group>"; };
		376E18712837D38800015922 /* HexagonParameters.swift */ = {isa = PBXFileReference; lastKnownFileType = sourcecode.swift; path = HexagonParameters.swift; sourceTree = "<group>"; };
		376E18732837D49E00015922 /* BadgeBackground.swift */ = {isa = PBXFileReference; lastKnownFileType = sourcecode.swift; path = BadgeBackground.swift; sourceTree = "<group>"; };
		376E18752837D87300015922 /* BadgeSymbol.swift */ = {isa = PBXFileReference; lastKnownFileType = sourcecode.swift; path = BadgeSymbol.swift; sourceTree = "<group>"; };
		376E18772837D92500015922 /* RotatedBadgeSymbol.swift */ = {isa = PBXFileReference; lastKnownFileType = sourcecode.swift; path = RotatedBadgeSymbol.swift; sourceTree = "<group>"; };
		376E18792837D99200015922 /* Badge.swift */ = {isa = PBXFileReference; lastKnownFileType = sourcecode.swift; path = Badge.swift; sourceTree = "<group>"; };
		376E187C2837DEB500015922 /* hikeData.json */ = {isa = PBXFileReference; fileEncoding = 4; lastKnownFileType = text.json; name = hikeData.json; path = ../../../../../Downloads/AnimatingViewsAndTransitions/Resources/hikeData.json; sourceTree = "<group>"; };
		376E187E2837DECB00015922 /* Hike.swift */ = {isa = PBXFileReference; lastKnownFileType = sourcecode.swift; path = Hike.swift; sourceTree = "<group>"; };
		376E18812837DF1F00015922 /* GraphCapsule.swift */ = {isa = PBXFileReference; fileEncoding = 4; lastKnownFileType = sourcecode.swift; path = GraphCapsule.swift; sourceTree = "<group>"; };
		376E18822837DF1F00015922 /* HikeGraph.swift */ = {isa = PBXFileReference; fileEncoding = 4; lastKnownFileType = sourcecode.swift; path = HikeGraph.swift; sourceTree = "<group>"; };
		376E18832837DF1F00015922 /* HikeDetail.swift */ = {isa = PBXFileReference; fileEncoding = 4; lastKnownFileType = sourcecode.swift; path = HikeDetail.swift; sourceTree = "<group>"; };
		376E18842837DF1F00015922 /* HikeView.swift */ = {isa = PBXFileReference; fileEncoding = 4; lastKnownFileType = sourcecode.swift; path = HikeView.swift; sourceTree = "<group>"; };
		376E188A2837E90500015922 /* CategoryHome.swift */ = {isa = PBXFileReference; lastKnownFileType = sourcecode.swift; path = CategoryHome.swift; sourceTree = "<group>"; };
		376E188C2837EA8A00015922 /* CategoryRow.swift */ = {isa = PBXFileReference; lastKnownFileType = sourcecode.swift; path = CategoryRow.swift; sourceTree = "<group>"; };
		376E188E2837EB9100015922 /* CategoryItem.swift */ = {isa = PBXFileReference; lastKnownFileType = sourcecode.swift; path = CategoryItem.swift; sourceTree = "<group>"; };
		376E1890283C097700015922 /* Profile.swift */ = {isa = PBXFileReference; lastKnownFileType = sourcecode.swift; path = Profile.swift; sourceTree = "<group>"; };
		376E1893283C09E300015922 /* ProfileHost.swift */ = {isa = PBXFileReference; lastKnownFileType = sourcecode.swift; path = ProfileHost.swift; sourceTree = "<group>"; };
		376E1895283C0A2900015922 /* ProfileSummary.swift */ = {isa = PBXFileReference; lastKnownFileType = sourcecode.swift; path = ProfileSummary.swift; sourceTree = "<group>"; };
		376E1897283C0AD300015922 /* HikeBadge.swift */ = {isa = PBXFileReference; lastKnownFileType = sourcecode.swift; path = HikeBadge.swift; sourceTree = "<group>"; };
		37B4A7C9283C0F0900B4160B /* ProfileEditor.swift */ = {isa = PBXFileReference; lastKnownFileType = sourcecode.swift; path = ProfileEditor.swift; sourceTree = "<group>"; };
		37B4A7CC283C1F7100B4160B /* PageViewController.swift */ = {isa = PBXFileReference; lastKnownFileType = sourcecode.swift; path = PageViewController.swift; sourceTree = "<group>"; };
		37B4A7D4283C208800B4160B /* FeatureCard.swift */ = {isa = PBXFileReference; lastKnownFileType = sourcecode.swift; path = FeatureCard.swift; sourceTree = "<group>"; };
		37B4A7D6283C211E00B4160B /* PageView.swift */ = {isa = PBXFileReference; lastKnownFileType = sourcecode.swift; path = PageView.swift; sourceTree = "<group>"; };
		37B4A7D8283C29DC00B4160B /* PageControl.swift */ = {isa = PBXFileReference; lastKnownFileType = sourcecode.swift; path = PageControl.swift; sourceTree = "<group>"; };
/* End PBXFileReference section */

/* Begin PBXFrameworksBuildPhase section */
		376E182A2836818600015922 /* Frameworks */ = {
			isa = PBXFrameworksBuildPhase;
			buildActionMask = 2147483647;
			files = (
			);
			runOnlyForDeploymentPostprocessing = 0;
		};
		376E183A2836818C00015922 /* Frameworks */ = {
			isa = PBXFrameworksBuildPhase;
			buildActionMask = 2147483647;
			files = (
			);
			runOnlyForDeploymentPostprocessing = 0;
		};
		376E18442836818C00015922 /* Frameworks */ = {
			isa = PBXFrameworksBuildPhase;
			buildActionMask = 2147483647;
			files = (
			);
			runOnlyForDeploymentPostprocessing = 0;
		};
/* End PBXFrameworksBuildPhase section */

/* Begin PBXGroup section */
		376E18242836818600015922 = {
			isa = PBXGroup;
			children = (
				376E182F2836818700015922 /* Landmarks */,
				376E18402836818C00015922 /* LandmarksTests */,
				376E184A2836818C00015922 /* LandmarksUITests */,
				376E182E2836818700015922 /* Products */,
			);
			sourceTree = "<group>";
		};
		376E182E2836818700015922 /* Products */ = {
			isa = PBXGroup;
			children = (
				376E182D2836818700015922 /* Landmarks.app */,
				376E183D2836818C00015922 /* LandmarksTests.xctest */,
				376E18472836818C00015922 /* LandmarksUITests.xctest */,
			);
			name = Products;
			sourceTree = "<group>";
		};
		376E182F2836818700015922 /* Landmarks */ = {
			isa = PBXGroup;
			children = (
				376E18662836C81F00015922 /* Model */,
				376E18652836C7F400015922 /* Resources */,
				376E18642836C7D700015922 /* Views */,
				376E18302836818700015922 /* LandmarksApp.swift */,
				376E18342836818B00015922 /* Assets.xcassets */,
				376E18362836818B00015922 /* Preview Content */,
			);
			path = Landmarks;
			sourceTree = "<group>";
		};
		376E18362836818B00015922 /* Preview Content */ = {
			isa = PBXGroup;
			children = (
				376E18372836818B00015922 /* Preview Assets.xcassets */,
			);
			path = "Preview Content";
			sourceTree = "<group>";
		};
		376E18402836818C00015922 /* LandmarksTests */ = {
			isa = PBXGroup;
			children = (
				376E18412836818C00015922 /* LandmarksTests.swift */,
			);
			path = LandmarksTests;
			sourceTree = "<group>";
		};
		376E184A2836818C00015922 /* LandmarksUITests */ = {
			isa = PBXGroup;
			children = (
				376E184B2836818C00015922 /* LandmarksUITests.swift */,
				376E184D2836818C00015922 /* LandmarksUITestsLaunchTests.swift */,
			);
			path = LandmarksUITests;
			sourceTree = "<group>";
		};
		376E18642836C7D700015922 /* Views */ = {
			isa = PBXGroup;
			children = (
				37B4A7CB283C1F5600B4160B /* PageView */,
				376E1892283C09BE00015922 /* Profiles */,
				376E18892837E8ED00015922 /* Categories */,
				376E18322836818700015922 /* ContentView.swift */,
				376E18702837CF4400015922 /* Landmarks */,
				376E186F2837CF0500015922 /* Helpers */,
				376E187B2837DCB900015922 /* Badges */,
				37B4A7D4283C208800B4160B /* FeatureCard.swift */,
			);
			path = Views;
			sourceTree = "<group>";
		};
		376E18652836C7F400015922 /* Resources */ = {
			isa = PBXGroup;
			children = (
				376E18802837DF1F00015922 /* Hikes */,
				376E185E2836C56600015922 /* landmarkData.json */,
				376E187C2837DEB500015922 /* hikeData.json */,
			);
			path = Resources;
			sourceTree = "<group>";
		};
		376E18662836C81F00015922 /* Model */ = {
			isa = PBXGroup;
			children = (
				376E18602836C5A000015922 /* Landmark.swift */,
				376E18622836C72400015922 /* ModelData.swift */,
				376E187E2837DECB00015922 /* Hike.swift */,
				376E1890283C097700015922 /* Profile.swift */,
			);
			path = Model;
			sourceTree = "<group>";
		};
		376E186F2837CF0500015922 /* Helpers */ = {
			isa = PBXGroup;
			children = (
				376E185A2836BE3A00015922 /* CircleImage.swift */,
				376E185C2836C0AB00015922 /* MapView.swift */,
				376E186D2837CE4100015922 /* FavoriteButton.swift */,
			);
			path = Helpers;
			sourceTree = "<group>";
		};
		376E18702837CF4400015922 /* Landmarks */ = {
			isa = PBXGroup;
			children = (
				376E18672836C8B400015922 /* LandmarkRow.swift */,
				376E18692837BB8F00015922 /* LandmarkList.swift */,
				376E186B2837BD1000015922 /* LandmarkDetail.swift */,
			);
			path = Landmarks;
			sourceTree = "<group>";
		};
		376E187B2837DCB900015922 /* Badges */ = {
			isa = PBXGroup;
			children = (
				376E18712837D38800015922 /* HexagonParameters.swift */,
				376E18732837D49E00015922 /* BadgeBackground.swift */,
				376E18752837D87300015922 /* BadgeSymbol.swift */,
				376E18772837D92500015922 /* RotatedBadgeSymbol.swift */,
				376E18792837D99200015922 /* Badge.swift */,
			);
			path = Badges;
			sourceTree = "<group>";
		};
		376E18802837DF1F00015922 /* Hikes */ = {
			isa = PBXGroup;
			children = (
				376E1897283C0AD300015922 /* HikeBadge.swift */,
				376E18812837DF1F00015922 /* GraphCapsule.swift */,
				376E18822837DF1F00015922 /* HikeGraph.swift */,
				376E18832837DF1F00015922 /* HikeDetail.swift */,
				376E18842837DF1F00015922 /* HikeView.swift */,
			);
			path = Hikes;
			sourceTree = "<group>";
		};
		376E18892837E8ED00015922 /* Categories */ = {
			isa = PBXGroup;
			children = (
				376E188A2837E90500015922 /* CategoryHome.swift */,
				376E188C2837EA8A00015922 /* CategoryRow.swift */,
				376E188E2837EB9100015922 /* CategoryItem.swift */,
			);
			path = Categories;
			sourceTree = "<group>";
		};
		376E1892283C09BE00015922 /* Profiles */ = {
			isa = PBXGroup;
			children = (
				376E1893283C09E300015922 /* ProfileHost.swift */,
				376E1895283C0A2900015922 /* ProfileSummary.swift */,
				37B4A7C9283C0F0900B4160B /* ProfileEditor.swift */,
			);
			path = Profiles;
			sourceTree = "<group>";
		};
		37B4A7CB283C1F5600B4160B /* PageView */ = {
			isa = PBXGroup;
			children = (
				37B4A7CC283C1F7100B4160B /* PageViewController.swift */,
				37B4A7D6283C211E00B4160B /* PageView.swift */,
				37B4A7D8283C29DC00B4160B /* PageControl.swift */,
			);
			path = PageView;
			sourceTree = "<group>";
		};
/* End PBXGroup section */

/* Begin PBXNativeTarget section */
		376E182C2836818600015922 /* Landmarks */ = {
			isa = PBXNativeTarget;
			buildConfigurationList = 376E18512836818C00015922 /* Build configuration list for PBXNativeTarget "Landmarks" */;
			buildPhases = (
				376E18292836818600015922 /* Sources */,
				376E182A2836818600015922 /* Frameworks */,
				376E182B2836818600015922 /* Resources */,
			);
			buildRules = (
			);
			dependencies = (
			);
			name = Landmarks;
			productName = Landmarks;
			productReference = 376E182D2836818700015922 /* Landmarks.app */;
			productType = "com.apple.product-type.application";
		};
		376E183C2836818C00015922 /* LandmarksTests */ = {
			isa = PBXNativeTarget;
			buildConfigurationList = 376E18542836818C00015922 /* Build configuration list for PBXNativeTarget "LandmarksTests" */;
			buildPhases = (
				376E18392836818C00015922 /* Sources */,
				376E183A2836818C00015922 /* Frameworks */,
				376E183B2836818C00015922 /* Resources */,
			);
			buildRules = (
			);
			dependencies = (
				376E183F2836818C00015922 /* PBXTargetDependency */,
			);
			name = LandmarksTests;
			productName = LandmarksTests;
			productReference = 376E183D2836818C00015922 /* LandmarksTests.xctest */;
			productType = "com.apple.product-type.bundle.unit-test";
		};
		376E18462836818C00015922 /* LandmarksUITests */ = {
			isa = PBXNativeTarget;
			buildConfigurationList = 376E18572836818C00015922 /* Build configuration list for PBXNativeTarget "LandmarksUITests" */;
			buildPhases = (
				376E18432836818C00015922 /* Sources */,
				376E18442836818C00015922 /* Frameworks */,
				376E18452836818C00015922 /* Resources */,
			);
			buildRules = (
			);
			dependencies = (
				376E18492836818C00015922 /* PBXTargetDependency */,
			);
			name = LandmarksUITests;
			productName = LandmarksUITests;
			productReference = 376E18472836818C00015922 /* LandmarksUITests.xctest */;
			productType = "com.apple.product-type.bundle.ui-testing";
		};
/* End PBXNativeTarget section */

/* Begin PBXProject section */
		376E18252836818600015922 /* Project object */ = {
			isa = PBXProject;
			attributes = {
				BuildIndependentTargetsInParallel = 1;
				LastSwiftUpdateCheck = 1340;
				LastUpgradeCheck = 1340;
				TargetAttributes = {
					376E182C2836818600015922 = {
						CreatedOnToolsVersion = 13.4;
					};
					376E183C2836818C00015922 = {
						CreatedOnToolsVersion = 13.4;
						TestTargetID = 376E182C2836818600015922;
					};
					376E18462836818C00015922 = {
						CreatedOnToolsVersion = 13.4;
						TestTargetID = 376E182C2836818600015922;
					};
				};
			};
			buildConfigurationList = 376E18282836818600015922 /* Build configuration list for PBXProject "Landmarks" */;
			compatibilityVersion = "Xcode 13.0";
			developmentRegion = en;
			hasScannedForEncodings = 0;
			knownRegions = (
				en,
				Base,
			);
			mainGroup = 376E18242836818600015922;
			productRefGroup = 376E182E2836818700015922 /* Products */;
			projectDirPath = "";
			projectRoot = "";
			targets = (
				376E182C2836818600015922 /* Landmarks */,
				376E183C2836818C00015922 /* LandmarksTests */,
				376E18462836818C00015922 /* LandmarksUITests */,
			);
		};
/* End PBXProject section */

/* Begin PBXResourcesBuildPhase section */
		376E182B2836818600015922 /* Resources */ = {
			isa = PBXResourcesBuildPhase;
			buildActionMask = 2147483647;
			files = (
				376E187D2837DEB500015922 /* hikeData.json in Resources */,
				376E18382836818B00015922 /* Preview Assets.xcassets in Resources */,
				376E18352836818B00015922 /* Assets.xcassets in Resources */,
				376E185F2836C56600015922 /* landmarkData.json in Resources */,
			);
			runOnlyForDeploymentPostprocessing = 0;
		};
		376E183B2836818C00015922 /* Resources */ = {
			isa = PBXResourcesBuildPhase;
			buildActionMask = 2147483647;
			files = (
			);
			runOnlyForDeploymentPostprocessing = 0;
		};
		376E18452836818C00015922 /* Resources */ = {
			isa = PBXResourcesBuildPhase;
			buildActionMask = 2147483647;
			files = (
			);
			runOnlyForDeploymentPostprocessing = 0;
		};
/* End PBXResourcesBuildPhase section */

/* Begin PBXSourcesBuildPhase section */
		376E18292836818600015922 /* Sources */ = {
			isa = PBXSourcesBuildPhase;
			buildActionMask = 2147483647;
			files = (
				376E188D2837EA8A00015922 /* CategoryRow.swift in Sources */,
				376E1891283C097700015922 /* Profile.swift in Sources */,
				376E18332836818700015922 /* ContentView.swift in Sources */,
				376E188B2837E90500015922 /* CategoryHome.swift in Sources */,
				37B4A7D5283C208800B4160B /* FeatureCard.swift in Sources */,
				376E18862837DF1F00015922 /* HikeGraph.swift in Sources */,
				376E187A2837D99200015922 /* Badge.swift in Sources */,
				376E185D2836C0AB00015922 /* MapView.swift in Sources */,
				376E18852837DF1F00015922 /* GraphCapsule.swift in Sources */,
				376E18312836818700015922 /* LandmarksApp.swift in Sources */,
				37B4A7D9283C29DC00B4160B /* PageControl.swift in Sources */,
				376E186E2837CE4100015922 /* FavoriteButton.swift in Sources */,
				376E188F2837EB9100015922 /* CategoryItem.swift in Sources */,
				376E18872837DF1F00015922 /* HikeDetail.swift in Sources */,
				376E1896283C0A2900015922 /* ProfileSummary.swift in Sources */,
				376E18722837D38800015922 /* HexagonParameters.swift in Sources */,
				376E1894283C09E300015922 /* ProfileHost.swift in Sources */,
				376E187F2837DECB00015922 /* Hike.swift in Sources */,
				376E18782837D92500015922 /* RotatedBadgeSymbol.swift in Sources */,
				37B4A7D7283C211E00B4160B /* PageView.swift in Sources */,
				376E18762837D87300015922 /* BadgeSymbol.swift in Sources */,
				37B4A7CA283C0F0900B4160B /* ProfileEditor.swift in Sources */,
				376E186A2837BB8F00015922 /* LandmarkList.swift in Sources */,
				376E18882837DF1F00015922 /* HikeView.swift in Sources */,
				376E186C2837BD1000015922 /* LandmarkDetail.swift in Sources */,
				37B4A7CD283C1F7100B4160B /* PageViewController.swift in Sources */,
				376E18742837D49E00015922 /* BadgeBackground.swift in Sources */,
				376E1898283C0AD400015922 /* HikeBadge.swift in Sources */,
				376E185B2836BE3A00015922 /* CircleImage.swift in Sources */,
				376E18612836C5A000015922 /* Landmark.swift in Sources */,
				376E18682836C8B400015922 /* LandmarkRow.swift in Sources */,
				376E18632836C72400015922 /* ModelData.swift in Sources */,
			);
			runOnlyForDeploymentPostprocessing = 0;
		};
		376E18392836818C00015922 /* Sources */ = {
			isa = PBXSourcesBuildPhase;
			buildActionMask = 2147483647;
			files = (
				376E18422836818C00015922 /* LandmarksTests.swift in Sources */,
			);
			runOnlyForDeploymentPostprocessing = 0;
		};
		376E18432836818C00015922 /* Sources */ = {
			isa = PBXSourcesBuildPhase;
			buildActionMask = 2147483647;
			files = (
				376E184E2836818C00015922 /* LandmarksUITestsLaunchTests.swift in Sources */,
				376E184C2836818C00015922 /* LandmarksUITests.swift in Sources */,
			);
			runOnlyForDeploymentPostprocessing = 0;
		};
/* End PBXSourcesBuildPhase section */

/* Begin PBXTargetDependency section */
		376E183F2836818C00015922 /* PBXTargetDependency */ = {
			isa = PBXTargetDependency;
			target = 376E182C2836818600015922 /* Landmarks */;
			targetProxy = 376E183E2836818C00015922 /* PBXContainerItemProxy */;
		};
		376E18492836818C00015922 /* PBXTargetDependency */ = {
			isa = PBXTargetDependency;
			target = 376E182C2836818600015922 /* Landmarks */;
			targetProxy = 376E18482836818C00015922 /* PBXContainerItemProxy */;
		};
/* End PBXTargetDependency section */

/* Begin XCBuildConfiguration section */
		376E184F2836818C00015922 /* Debug */ = {
			isa = XCBuildConfiguration;
			buildSettings = {
				ALWAYS_SEARCH_USER_PATHS = NO;
				CLANG_ANALYZER_NONNULL = YES;
				CLANG_ANALYZER_NUMBER_OBJECT_CONVERSION = YES_AGGRESSIVE;
				CLANG_CXX_LANGUAGE_STANDARD = "gnu++17";
				CLANG_ENABLE_MODULES = YES;
				CLANG_ENABLE_OBJC_ARC = YES;
				CLANG_ENABLE_OBJC_WEAK = YES;
				CLANG_WARN_BLOCK_CAPTURE_AUTORELEASING = YES;
				CLANG_WARN_BOOL_CONVERSION = YES;
				CLANG_WARN_COMMA = YES;
				CLANG_WARN_CONSTANT_CONVERSION = YES;
				CLANG_WARN_DEPRECATED_OBJC_IMPLEMENTATIONS = YES;
				CLANG_WARN_DIRECT_OBJC_ISA_USAGE = YES_ERROR;
				CLANG_WARN_DOCUMENTATION_COMMENTS = YES;
				CLANG_WARN_EMPTY_BODY = YES;
				CLANG_WARN_ENUM_CONVERSION = YES;
				CLANG_WARN_INFINITE_RECURSION = YES;
				CLANG_WARN_INT_CONVERSION = YES;
				CLANG_WARN_NON_LITERAL_NULL_CONVERSION = YES;
				CLANG_WARN_OBJC_IMPLICIT_RETAIN_SELF = YES;
				CLANG_WARN_OBJC_LITERAL_CONVERSION = YES;
				CLANG_WARN_OBJC_ROOT_CLASS = YES_ERROR;
				CLANG_WARN_QUOTED_INCLUDE_IN_FRAMEWORK_HEADER = YES;
				CLANG_WARN_RANGE_LOOP_ANALYSIS = YES;
				CLANG_WARN_STRICT_PROTOTYPES = YES;
				CLANG_WARN_SUSPICIOUS_MOVE = YES;
				CLANG_WARN_UNGUARDED_AVAILABILITY = YES_AGGRESSIVE;
				CLANG_WARN_UNREACHABLE_CODE = YES;
				CLANG_WARN__DUPLICATE_METHOD_MATCH = YES;
				COPY_PHASE_STRIP = NO;
				DEBUG_INFORMATION_FORMAT = dwarf;
				ENABLE_STRICT_OBJC_MSGSEND = YES;
				ENABLE_TESTABILITY = YES;
				GCC_C_LANGUAGE_STANDARD = gnu11;
				GCC_DYNAMIC_NO_PIC = NO;
				GCC_NO_COMMON_BLOCKS = YES;
				GCC_OPTIMIZATION_LEVEL = 0;
				GCC_PREPROCESSOR_DEFINITIONS = (
					"DEBUG=1",
					"$(inherited)",
				);
				GCC_WARN_64_TO_32_BIT_CONVERSION = YES;
				GCC_WARN_ABOUT_RETURN_TYPE = YES_ERROR;
				GCC_WARN_UNDECLARED_SELECTOR = YES;
				GCC_WARN_UNINITIALIZED_AUTOS = YES_AGGRESSIVE;
				GCC_WARN_UNUSED_FUNCTION = YES;
				GCC_WARN_UNUSED_VARIABLE = YES;
				IPHONEOS_DEPLOYMENT_TARGET = 15.5;
				MTL_ENABLE_DEBUG_INFO = INCLUDE_SOURCE;
				MTL_FAST_MATH = YES;
				ONLY_ACTIVE_ARCH = YES;
				SDKROOT = iphoneos;
				SWIFT_ACTIVE_COMPILATION_CONDITIONS = DEBUG;
				SWIFT_OPTIMIZATION_LEVEL = "-Onone";
			};
			name = Debug;
		};
		376E18502836818C00015922 /* Release */ = {
			isa = XCBuildConfiguration;
			buildSettings = {
				ALWAYS_SEARCH_USER_PATHS = NO;
				CLANG_ANALYZER_NONNULL = YES;
				CLANG_ANALYZER_NUMBER_OBJECT_CONVERSION = YES_AGGRESSIVE;
				CLANG_CXX_LANGUAGE_STANDARD = "gnu++17";
				CLANG_ENABLE_MODULES = YES;
				CLANG_ENABLE_OBJC_ARC = YES;
				CLANG_ENABLE_OBJC_WEAK = YES;
				CLANG_WARN_BLOCK_CAPTURE_AUTORELEASING = YES;
				CLANG_WARN_BOOL_CONVERSION = YES;
				CLANG_WARN_COMMA = YES;
				CLANG_WARN_CONSTANT_CONVERSION = YES;
				CLANG_WARN_DEPRECATED_OBJC_IMPLEMENTATIONS = YES;
				CLANG_WARN_DIRECT_OBJC_ISA_USAGE = YES_ERROR;
				CLANG_WARN_DOCUMENTATION_COMMENTS = YES;
				CLANG_WARN_EMPTY_BODY = YES;
				CLANG_WARN_ENUM_CONVERSION = YES;
				CLANG_WARN_INFINITE_RECURSION = YES;
				CLANG_WARN_INT_CONVERSION = YES;
				CLANG_WARN_NON_LITERAL_NULL_CONVERSION = YES;
				CLANG_WARN_OBJC_IMPLICIT_RETAIN_SELF = YES;
				CLANG_WARN_OBJC_LITERAL_CONVERSION = YES;
				CLANG_WARN_OBJC_ROOT_CLASS = YES_ERROR;
				CLANG_WARN_QUOTED_INCLUDE_IN_FRAMEWORK_HEADER = YES;
				CLANG_WARN_RANGE_LOOP_ANALYSIS = YES;
				CLANG_WARN_STRICT_PROTOTYPES = YES;
				CLANG_WARN_SUSPICIOUS_MOVE = YES;
				CLANG_WARN_UNGUARDED_AVAILABILITY = YES_AGGRESSIVE;
				CLANG_WARN_UNREACHABLE_CODE = YES;
				CLANG_WARN__DUPLICATE_METHOD_MATCH = YES;
				COPY_PHASE_STRIP = NO;
				DEBUG_INFORMATION_FORMAT = "dwarf-with-dsym";
				ENABLE_NS_ASSERTIONS = NO;
				ENABLE_STRICT_OBJC_MSGSEND = YES;
				GCC_C_LANGUAGE_STANDARD = gnu11;
				GCC_NO_COMMON_BLOCKS = YES;
				GCC_WARN_64_TO_32_BIT_CONVERSION = YES;
				GCC_WARN_ABOUT_RETURN_TYPE = YES_ERROR;
				GCC_WARN_UNDECLARED_SELECTOR = YES;
				GCC_WARN_UNINITIALIZED_AUTOS = YES_AGGRESSIVE;
				GCC_WARN_UNUSED_FUNCTION = YES;
				GCC_WARN_UNUSED_VARIABLE = YES;
				IPHONEOS_DEPLOYMENT_TARGET = 15.5;
				MTL_ENABLE_DEBUG_INFO = NO;
				MTL_FAST_MATH = YES;
				SDKROOT = iphoneos;
				SWIFT_COMPILATION_MODE = wholemodule;
				SWIFT_OPTIMIZATION_LEVEL = "-O";
				VALIDATE_PRODUCT = YES;
			};
			name = Release;
		};
		376E18522836818C00015922 /* Debug */ = {
			isa = XCBuildConfiguration;
			buildSettings = {
				ASSETCATALOG_COMPILER_APPICON_NAME = AppIcon;
				ASSETCATALOG_COMPILER_GLOBAL_ACCENT_COLOR_NAME = AccentColor;
				CODE_SIGN_STYLE = Automatic;
				CURRENT_PROJECT_VERSION = 1;
				DEVELOPMENT_ASSET_PATHS = "\"Landmarks/Preview Content\"";
				ENABLE_PREVIEWS = YES;
				GENERATE_INFOPLIST_FILE = YES;
				INFOPLIST_KEY_UIApplicationSceneManifest_Generation = YES;
				INFOPLIST_KEY_UIApplicationSupportsIndirectInputEvents = YES;
				INFOPLIST_KEY_UILaunchScreen_Generation = YES;
				INFOPLIST_KEY_UISupportedInterfaceOrientations_iPad = "UIInterfaceOrientationPortrait UIInterfaceOrientationPortraitUpsideDown UIInterfaceOrientationLandscapeLeft UIInterfaceOrientationLandscapeRight";
				INFOPLIST_KEY_UISupportedInterfaceOrientations_iPhone = "UIInterfaceOrientationPortrait UIInterfaceOrientationLandscapeLeft UIInterfaceOrientationLandscapeRight";
				LD_RUNPATH_SEARCH_PATHS = (
					"$(inherited)",
					"@executable_path/Frameworks",
				);
				MARKETING_VERSION = 1.0;
				PRODUCT_BUNDLE_IDENTIFIER = philabs.Landmarks;
				PRODUCT_NAME = "$(TARGET_NAME)";
				SWIFT_EMIT_LOC_STRINGS = YES;
				SWIFT_VERSION = 5.0;
				TARGETED_DEVICE_FAMILY = "1,2";
			};
			name = Debug;
		};
		376E18532836818C00015922 /* Release */ = {
			isa = XCBuildConfiguration;
			buildSettings = {
				ASSETCATALOG_COMPILER_APPICON_NAME = AppIcon;
				ASSETCATALOG_COMPILER_GLOBAL_ACCENT_COLOR_NAME = AccentColor;
				CODE_SIGN_STYLE = Automatic;
				CURRENT_PROJECT_VERSION = 1;
				DEVELOPMENT_ASSET_PATHS = "\"Landmarks/Preview Content\"";
				ENABLE_PREVIEWS = YES;
				GENERATE_INFOPLIST_FILE = YES;
				INFOPLIST_KEY_UIApplicationSceneManifest_Generation = YES;
				INFOPLIST_KEY_UIApplicationSupportsIndirectInputEvents = YES;
				INFOPLIST_KEY_UILaunchScreen_Generation = YES;
				INFOPLIST_KEY_UISupportedInterfaceOrientations_iPad = "UIInterfaceOrientationPortrait UIInterfaceOrientationPortraitUpsideDown UIInterfaceOrientationLandscapeLeft UIInterfaceOrientationLandscapeRight";
				INFOPLIST_KEY_UISupportedInterfaceOrientations_iPhone = "UIInterfaceOrientationPortrait UIInterfaceOrientationLandscapeLeft UIInterfaceOrientationLandscapeRight";
				LD_RUNPATH_SEARCH_PATHS = (
					"$(inherited)",
					"@executable_path/Frameworks",
				);
				MARKETING_VERSION = 1.0;
				PRODUCT_BUNDLE_IDENTIFIER = philabs.Landmarks;
				PRODUCT_NAME = "$(TARGET_NAME)";
				SWIFT_EMIT_LOC_STRINGS = YES;
				SWIFT_VERSION = 5.0;
				TARGETED_DEVICE_FAMILY = "1,2";
			};
			name = Release;
		};
		376E18552836818C00015922 /* Debug */ = {
			isa = XCBuildConfiguration;
			buildSettings = {
				ALWAYS_EMBED_SWIFT_STANDARD_LIBRARIES = YES;
				BUNDLE_LOADER = "$(TEST_HOST)";
				CODE_SIGN_STYLE = Automatic;
				CURRENT_PROJECT_VERSION = 1;
				GENERATE_INFOPLIST_FILE = YES;
				IPHONEOS_DEPLOYMENT_TARGET = 15.5;
				MARKETING_VERSION = 1.0;
				PRODUCT_BUNDLE_IDENTIFIER = philabs.LandmarksTests;
				PRODUCT_NAME = "$(TARGET_NAME)";
				SWIFT_EMIT_LOC_STRINGS = NO;
				SWIFT_VERSION = 5.0;
				TARGETED_DEVICE_FAMILY = "1,2";
				TEST_HOST = "$(BUILT_PRODUCTS_DIR)/Landmarks.app/Landmarks";
			};
			name = Debug;
		};
		376E18562836818C00015922 /* Release */ = {
			isa = XCBuildConfiguration;
			buildSettings = {
				ALWAYS_EMBED_SWIFT_STANDARD_LIBRARIES = YES;
				BUNDLE_LOADER = "$(TEST_HOST)";
				CODE_SIGN_STYLE = Automatic;
				CURRENT_PROJECT_VERSION = 1;
				GENERATE_INFOPLIST_FILE = YES;
				IPHONEOS_DEPLOYMENT_TARGET = 15.5;
				MARKETING_VERSION = 1.0;
				PRODUCT_BUNDLE_IDENTIFIER = philabs.LandmarksTests;
				PRODUCT_NAME = "$(TARGET_NAME)";
				SWIFT_EMIT_LOC_STRINGS = NO;
				SWIFT_VERSION = 5.0;
				TARGETED_DEVICE_FAMILY = "1,2";
				TEST_HOST = "$(BUILT_PRODUCTS_DIR)/Landmarks.app/Landmarks";
			};
			name = Release;
		};
		376E18582836818C00015922 /* Debug */ = {
			isa = XCBuildConfiguration;
			buildSettings = {
				ALWAYS_EMBED_SWIFT_STANDARD_LIBRARIES = YES;
				CODE_SIGN_STYLE = Automatic;
				CURRENT_PROJECT_VERSION = 1;
				GENERATE_INFOPLIST_FILE = YES;
				MARKETING_VERSION = 1.0;
				PRODUCT_BUNDLE_IDENTIFIER = philabs.LandmarksUITests;
				PRODUCT_NAME = "$(TARGET_NAME)";
				SWIFT_EMIT_LOC_STRINGS = NO;
				SWIFT_VERSION = 5.0;
				TARGETED_DEVICE_FAMILY = "1,2";
				TEST_TARGET_NAME = Landmarks;
			};
			name = Debug;
		};
		376E18592836818C00015922 /* Release */ = {
			isa = XCBuildConfiguration;
			buildSettings = {
				ALWAYS_EMBED_SWIFT_STANDARD_LIBRARIES = YES;
				CODE_SIGN_STYLE = Automatic;
				CURRENT_PROJECT_VERSION = 1;
				GENERATE_INFOPLIST_FILE = YES;
				MARKETING_VERSION = 1.0;
				PRODUCT_BUNDLE_IDENTIFIER = philabs.LandmarksUITests;
				PRODUCT_NAME = "$(TARGET_NAME)";
				SWIFT_EMIT_LOC_STRINGS = NO;
				SWIFT_VERSION = 5.0;
				TARGETED_DEVICE_FAMILY = "1,2";
				TEST_TARGET_NAME = Landmarks;
			};
			name = Release;
		};
/* End XCBuildConfiguration section */

/* Begin XCConfigurationList section */
		376E18282836818600015922 /* Build configuration list for PBXProject "Landmarks" */ = {
			isa = XCConfigurationList;
			buildConfigurations = (
				376E184F2836818C00015922 /* Debug */,
				376E18502836818C00015922 /* Release */,
			);
			defaultConfigurationIsVisible = 0;
			defaultConfigurationName = Release;
		};
		376E18512836818C00015922 /* Build configuration list for PBXNativeTarget "Landmarks" */ = {
			isa = XCConfigurationList;
			buildConfigurations = (
				376E18522836818C00015922 /* Debug */,
				376E18532836818C00015922 /* Release */,
			);
			defaultConfigurationIsVisible = 0;
			defaultConfigurationName = Release;
		};
		376E18542836818C00015922 /* Build configuration list for PBXNativeTarget "LandmarksTests" */ = {
			isa = XCConfigurationList;
			buildConfigurations = (
				376E18552836818C00015922 /* Debug */,
				376E18562836818C00015922 /* Release */,
			);
			defaultConfigurationIsVisible = 0;
			defaultConfigurationName = Release;
		};
		376E18572836818C00015922 /* Build configuration list for PBXNativeTarget "LandmarksUITests" */ = {
			isa = XCConfigurationList;
			buildConfigurations = (
				376E18582836818C00015922 /* Debug */,
				376E18592836818C00015922 /* Release */,
			);
			defaultConfigurationIsVisible = 0;
			defaultConfigurationName = Release;
		};
/* End XCConfigurationList section */
	};
	rootObject = 376E18252836818600015922 /* Project object */;
}
